speakeasyVersion: 1.544.0
sources:
    local:
        sourceNamespace: openapi
        sourceRevisionDigest: sha256:9d0cd5e8a13de9c77ba9556649c45f1002b2c6db1ab5401142dc0bd937c20a6f
        sourceBlobDigest: sha256:141038212a95b5a054c2b959dee6f79dbcbdb5fd58bb2843a8f4de44eea583c9
        tags:
            - latest
            - 3.0.0-beta01
targets:
    local-csharp:
        source: local
        sourceNamespace: openapi
        sourceRevisionDigest: sha256:9d0cd5e8a13de9c77ba9556649c45f1002b2c6db1ab5401142dc0bd937c20a6f
        sourceBlobDigest: sha256:141038212a95b5a054c2b959dee6f79dbcbdb5fd58bb2843a8f4de44eea583c9
        codeSamplesNamespace: openapi-csharp-code-samples
        codeSamplesRevisionDigest: sha256:a3c7026ceeb9bcefd710e75bf4f52a0f38c0b3fae15e628f14427f29b5a57413
workflow:
    workflowVersion: 1.0.0
    speakeasyVersion: latest
    sources:
        local:
            inputs:
                - location: source/sdks.openapi.yaml
            registry:
                location: registry.speakeasyapi.dev/dailypay/dailypay/openapi
        openapi:
            inputs:
                - location: https://raw.githubusercontent.com/dailypay/xapi/main/api/api-docs/out/sdks.openapi.yaml
                  authHeader: Authorization
                  authSecret: $GITHUB_ACCESS_TOKEN
            registry:
                location: registry.speakeasyapi.dev/dailypay/dailypay/openapi
    targets:
        csharp:
            target: csharp
            source: openapi
            output: sdk
            codeSamples:
                output: codeSamples.yaml
                registry:
                    location: registry.speakeasyapi.dev/dailypay/dailypay/openapi-csharp-code-samples
        local-csharp:
            target: csharp
            source: local
            output: sdk
            codeSamples:
                output: codeSamples.yaml
                registry:
                    location: registry.speakeasyapi.dev/dailypay/dailypay/openapi-csharp-code-samples
