speakeasyVersion: 1.576.1
sources:
    local:
        sourceNamespace: xapi
        sourceRevisionDigest: sha256:c041bed8d6a5828db13adf491888150092b3fc595d87bd7c3e05873eda1c7c1d
        sourceBlobDigest: sha256:eef3458946ba2ceb9a52f944e08595e01cab38790bdf5e2e4980c050fc659afb
        tags:
            - latest
            - speakeasy-sdk-regen-1751924567
            - 3.0.0-beta01
targets:
    csharp:
        source: local
        sourceNamespace: xapi
        sourceRevisionDigest: sha256:c041bed8d6a5828db13adf491888150092b3fc595d87bd7c3e05873eda1c7c1d
        sourceBlobDigest: sha256:eef3458946ba2ceb9a52f944e08595e01cab38790bdf5e2e4980c050fc659afb
        codeSamplesNamespace: xapi
        codeSamplesRevisionDigest: sha256:d451e5392d9f1b59d3b8892d0a8ac5666be16970109b432a48c298b41b6cc30d
workflow:
    workflowVersion: 1.0.0
    speakeasyVersion: latest
    sources:
        local:
            inputs:
                - location: source/sdks.openapi.yaml
            registry:
                location: registry.speakeasyapi.dev/dailypay/dailypay/xapi
    targets:
        csharp:
            target: csharp
            source: local
            codeSamples:
                output: codeSamples.yaml
                registry:
                    location: registry.speakeasyapi.dev/dailypay/dailypay/xapi
